github.com/gorilla/websocket v1.4.2 h1:+/TMaTYc4QFitKJxsQ7Yye35DkWvkdLcvGKqM+x0Ufc=
github.com/gorilla/websocket v1.4.2/go.mod h1:YR8l580nyteQvAITg2hZ9XVh4b55+EU/adAjf1fMHhE=
github.com/reiver/go-oi v1.0.0 h1:nvECWD7LF+vOs8leNGV/ww+F2iZKf3EYjYZ527turzM=
github.com/reiver/go-oi v1.0.0/go.mod h1:RrDBct90BAhoDTxB1fenZwfykqeGvhI6LsNfStJoEkI=
github.com/reiver/go-telnet v0.0.0-20180421082511-9ff0b2ab096e h1:quuzZLi72kkJjl+f5AQ93FMcadG19WkS7MO6TXFOSas=
github.com/reiver/go-telnet v0.0.0-20180421082511-9ff0b2ab096e/go.mod h1:+5vNVvEWwEIx86DB9Ke/+a5wBI464eDRo3eF0LcfpWg=
github.com/sacOO7/go-logger v0.0.0-20180719173527-9ac9add5a50d h1:5T+fbRuQbpi+WZtB2yfuu59r00F6T2HV/zGYrwX8nvE=
github.com/sacOO7/go-logger v0.0.0-20180719173527-9ac9add5a50d/go.mod h1:L5EJe2k8GwpBoGXDRLAEs58R239jpZuE7NNEtW+T7oo=
github.com/sacOO7/gowebsocket v0.0.0-20210105141656-425813c1c643 h1:G7zQWSD1qD+2hMVCnnGvwYaidUNx0cAfVxScu3J2BGA=
github.com/sacOO7/gowebsocket v0.0.0-20210105141656-425813c1c643/go.mod h1:4a2a9BlxB807BaME8FJzQRLrZwYKj0cWjon25PlIssM=
